
Microsoft Visual Studio Solution File, Format Version 12.00
# Visual Studio Version 17
VisualStudioVersion = 17.0.31512.422
MinimumVisualStudioVersion = 10.0.40219.1
Project("{9A19103F-16F7-4668-BE54-9A1E7A4F7556}") = "CodWeaponsRandomizer", "api\CodWeaponsRandomizer\CodWeaponsRandomizer.csproj", "{ED36B0EE-95A2-4182-B7CD-DF855F686EFE}"
EndProject
Project("{9A19103F-16F7-4668-BE54-9A1E7A4F7556}") = "CodWeaponsRandomizer.CodWebPagesScraper", "scraper\CodWeaponsRandomizer.CodWebPagesScraper\CodWeaponsRandomizer.CodWebPagesScraper.csproj", "{3FB0428E-DECA-4F10-A857-E88FBC90AFF6}"
EndProject
Project("{FAE04EC0-301F-11D3-BF4B-00C04F79EFBC}") = "CodWeaponsRandomizer.Core", "CodWeaponsRandomizer.Core\CodWeaponsRandomizer.Core.csproj", "{F478C4D7-42C9-4B46-93B0-BB67F90C4517}"
EndProject
Global
	GlobalSection(SolutionConfigurationPlatforms) = preSolution
		Debug|Any CPU = Debug|Any CPU
		Release|Any CPU = Release|Any CPU
	EndGlobalSection
	GlobalSection(ProjectConfigurationPlatforms) = postSolution
		{ED36B0EE-95A2-4182-B7CD-DF855F686EFE}.Debug|Any CPU.ActiveCfg = Debug|Any CPU
		{ED36B0EE-95A2-4182-B7CD-DF855F686EFE}.Debug|Any CPU.Build.0 = Debug|Any CPU
		{ED36B0EE-95A2-4182-B7CD-DF855F686EFE}.Release|Any CPU.ActiveCfg = Release|Any CPU
		{ED36B0EE-95A2-4182-B7CD-DF855F686EFE}.Release|Any CPU.Build.0 = Release|Any CPU
		{3FB0428E-DECA-4F10-A857-E88FBC90AFF6}.Debug|Any CPU.ActiveCfg = Debug|Any CPU
		{3FB0428E-DECA-4F10-A857-E88FBC90AFF6}.Debug|Any CPU.Build.0 = Debug|Any CPU
		{3FB0428E-DECA-4F10-A857-E88FBC90AFF6}.Release|Any CPU.ActiveCfg = Release|Any CPU
		{3FB0428E-DECA-4F10-A857-E88FBC90AFF6}.Release|Any CPU.Build.0 = Release|Any CPU
		{F478C4D7-42C9-4B46-93B0-BB67F90C4517}.Debug|Any CPU.ActiveCfg = Debug|Any CPU
		{F478C4D7-42C9-4B46-93B0-BB67F90C4517}.Debug|Any CPU.Build.0 = Debug|Any CPU
		{F478C4D7-42C9-4B46-93B0-BB67F90C4517}.Release|Any CPU.ActiveCfg = Release|Any CPU
		{F478C4D7-42C9-4B46-93B0-BB67F90C4517}.Release|Any CPU.Build.0 = Release|Any CPU
	EndGlobalSection
	GlobalSection(SolutionProperties) = preSolution
		HideSolutionNode = FALSE
	EndGlobalSection
	GlobalSection(ExtensibilityGlobals) = postSolution
		SolutionGuid = {2933A3B5-D79A-4A8C-9178-B83529D5FFCF}
	EndGlobalSection
EndGlobal
